// !$*UTF8*$!
{
	archiveVersion = 1;
	classes = {
	};
	objectVersion = 50;
	objects = {

/* Begin PBXBuildFile section */
		1B20F90324C823C700E19BD3 /* GradientController.swift in Sources */ = {isa = PBXBuildFile; fileRef = 1B20F90224C823C700E19BD3 /* GradientController.swift */; };
		1B8E7C0924C94C67007CC040 /* Player.swift in Sources */ = {isa = PBXBuildFile; fileRef = 1B8E7C0824C94C67007CC040 /* Player.swift */; };
		1B8E7C0B24C94CC3007CC040 /* PlayerController.swift in Sources */ = {isa = PBXBuildFile; fileRef = 1B8E7C0A24C94CC3007CC040 /* PlayerController.swift */; };
		1B8E7C0D24C94ED5007CC040 /* Constants.swift in Sources */ = {isa = PBXBuildFile; fileRef = 1B8E7C0C24C94ED5007CC040 /* Constants.swift */; };
		473B9B23221E5B99004BE78F /* IRButton.swift in Sources */ = {isa = PBXBuildFile; fileRef = 473B9B22221E5B99004BE78F /* IRButton.swift */; };
		473B9B25221E5E52004BE78F /* ColorController.swift in Sources */ = {isa = PBXBuildFile; fileRef = 473B9B24221E5E52004BE78F /* ColorController.swift */; };
		4769321E221123BC00E3E879 /* AppDelegate.swift in Sources */ = {isa = PBXBuildFile; fileRef = 4769321D221123BC00E3E879 /* AppDelegate.swift */; };
		47693223221123BC00E3E879 /* Main.storyboard in Resources */ = {isa = PBXBuildFile; fileRef = 47693221221123BC00E3E879 /* Main.storyboard */; };
		4769322B221123C000E3E879 /* LaunchScreen.storyboard in Resources */ = {isa = PBXBuildFile; fileRef = 47693229221123C000E3E879 /* LaunchScreen.storyboard */; };
		476932382211249B00E3E879 /* CardController.swift in Sources */ = {isa = PBXBuildFile; fileRef = 476932372211249B00E3E879 /* CardController.swift */; };
		4769323A221124B900E3E879 /* Card.swift in Sources */ = {isa = PBXBuildFile; fileRef = 47693239221124B900E3E879 /* Card.swift */; };
		4769323D2211251500E3E879 /* Extensions.swift in Sources */ = {isa = PBXBuildFile; fileRef = 4769323C2211251500E3E879 /* Extensions.swift */; };
		47693240221125DC00E3E879 /* Score.swift in Sources */ = {isa = PBXBuildFile; fileRef = 4769323F221125DC00E3E879 /* Score.swift */; };
		476932442211279800E3E879 /* GameBoardVC.swift in Sources */ = {isa = PBXBuildFile; fileRef = 476932432211279800E3E879 /* GameBoardVC.swift */; };
		476932462211289A00E3E879 /* NetworkingError.swift in Sources */ = {isa = PBXBuildFile; fileRef = 476932452211289A00E3E879 /* NetworkingError.swift */; };
		47693249221128F300E3E879 /* NetworkController.swift in Sources */ = {isa = PBXBuildFile; fileRef = 47693248221128F300E3E879 /* NetworkController.swift */; };
		4769324B2211294F00E3E879 /* LogInVC.swift in Sources */ = {isa = PBXBuildFile; fileRef = 4769324A2211294F00E3E879 /* LogInVC.swift */; };
		4769324D22112BEF00E3E879 /* ScoreController.swift in Sources */ = {isa = PBXBuildFile; fileRef = 4769324C22112BEF00E3E879 /* ScoreController.swift */; };
		4769324F22112E6600E3E879 /* AlertController.swift in Sources */ = {isa = PBXBuildFile; fileRef = 4769324E22112E6600E3E879 /* AlertController.swift */; };
		47FC5A5A2213CE2C00498F7D /* Assets.xcassets in Resources */ = {isa = PBXBuildFile; fileRef = 47FC5A592213CE2C00498F7D /* Assets.xcassets */; };
		8B7C9208235D766F00445177 /* RulesVC.swift in Sources */ = {isa = PBXBuildFile; fileRef = 8B7C9207235D766F00445177 /* RulesVC.swift */; };
		8B88286923D628470047A85D /* BetVC.swift in Sources */ = {isa = PBXBuildFile; fileRef = 8B88286823D628470047A85D /* BetVC.swift */; };
		8B88286B23D629F40047A85D /* BetOptionTVCell.swift in Sources */ = {isa = PBXBuildFile; fileRef = 8B88286A23D629F40047A85D /* BetOptionTVCell.swift */; };
		8BA892B323C58DBB001F1A18 /* Reachability.swift in Sources */ = {isa = PBXBuildFile; fileRef = 8BA892B223C58DBB001F1A18 /* Reachability.swift */; };
/* End PBXBuildFile section */

/* Begin PBXFileReference section */
		1B20F90224C823C700E19BD3 /* GradientController.swift */ = {isa = PBXFileReference; lastKnownFileType = sourcecode.swift; path = GradientController.swift; sourceTree = "<group>"; };
		1B8E7C0824C94C67007CC040 /* Player.swift */ = {isa = PBXFileReference; lastKnownFileType = sourcecode.swift; path = Player.swift; sourceTree = "<group>"; };
		1B8E7C0A24C94CC3007CC040 /* PlayerController.swift */ = {isa = PBXFileReference; lastKnownFileType = sourcecode.swift; path = PlayerController.swift; sourceTree = "<group>"; };
		1B8E7C0C24C94ED5007CC040 /* Constants.swift */ = {isa = PBXFileReference; lastKnownFileType = sourcecode.swift; path = Constants.swift; sourceTree = "<group>"; };
		473B9B22221E5B99004BE78F /* IRButton.swift */ = {isa = PBXFileReference; lastKnownFileType = sourcecode.swift; path = IRButton.swift; sourceTree = "<group>"; };
		473B9B24221E5E52004BE78F /* ColorController.swift */ = {isa = PBXFileReference; lastKnownFileType = sourcecode.swift; path = ColorController.swift; sourceTree = "<group>"; };
		4769321A221123BC00E3E879 /* WhatAreTheOdds.app */ = {isa = PBXFileReference; explicitFileType = wrapper.application; includeInIndex = 0; path = WhatAreTheOdds.app; sourceTree = BUILT_PRODUCTS_DIR; };
		4769321D221123BC00E3E879 /* AppDelegate.swift */ = {isa = PBXFileReference; lastKnownFileType = sourcecode.swift; path = AppDelegate.swift; sourceTree = "<group>"; };
		47693222221123BC00E3E879 /* Base */ = {isa = PBXFileReference; lastKnownFileType = file.storyboard; name = Base; path = Base.lproj/Main.storyboard; sourceTree = "<group>"; };
		4769322A221123C000E3E879 /* Base */ = {isa = PBXFileReference; lastKnownFileType = file.storyboard; name = Base; path = Base.lproj/LaunchScreen.storyboard; sourceTree = "<group>"; };
		4769322C221123C000E3E879 /* Info.plist */ = {isa = PBXFileReference; lastKnownFileType = text.plist.xml; path = Info.plist; sourceTree = "<group>"; };
		476932372211249B00E3E879 /* CardController.swift */ = {isa = PBXFileReference; lastKnownFileType = sourcecode.swift; path = CardController.swift; sourceTree = "<group>"; };
		47693239221124B900E3E879 /* Card.swift */ = {isa = PBXFileReference; lastKnownFileType = sourcecode.swift; path = Card.swift; sourceTree = "<group>"; };
		4769323C2211251500E3E879 /* Extensions.swift */ = {isa = PBXFileReference; lastKnownFileType = sourcecode.swift; path = Extensions.swift; sourceTree = "<group>"; };
		4769323F221125DC00E3E879 /* Score.swift */ = {isa = PBXFileReference; lastKnownFileType = sourcecode.swift; path = Score.swift; sourceTree = "<group>"; };
		476932432211279800E3E879 /* GameBoardVC.swift */ = {isa = PBXFileReference; lastKnownFileType = sourcecode.swift; path = GameBoardVC.swift; sourceTree = "<group>"; };
		476932452211289A00E3E879 /* NetworkingError.swift */ = {isa = PBXFileReference; lastKnownFileType = sourcecode.swift; path = NetworkingError.swift; sourceTree = "<group>"; };
		47693248221128F300E3E879 /* NetworkController.swift */ = {isa = PBXFileReference; lastKnownFileType = sourcecode.swift; path = NetworkController.swift; sourceTree = "<group>"; };
		4769324A2211294F00E3E879 /* LogInVC.swift */ = {isa = PBXFileReference; lastKnownFileType = sourcecode.swift; path = LogInVC.swift; sourceTree = "<group>"; };
		4769324C22112BEF00E3E879 /* ScoreController.swift */ = {isa = PBXFileReference; lastKnownFileType = sourcecode.swift; path = ScoreController.swift; sourceTree = "<group>"; };
		4769324E22112E6600E3E879 /* AlertController.swift */ = {isa = PBXFileReference; lastKnownFileType = sourcecode.swift; path = AlertController.swift; sourceTree = "<group>"; };
		47FC5A592213CE2C00498F7D /* Assets.xcassets */ = {isa = PBXFileReference; lastKnownFileType = folder.assetcatalog; path = Assets.xcassets; sourceTree = "<group>"; };
		8B7C9207235D766F00445177 /* RulesVC.swift */ = {isa = PBXFileReference; lastKnownFileType = sourcecode.swift; path = RulesVC.swift; sourceTree = "<group>"; };
		8B88286823D628470047A85D /* BetVC.swift */ = {isa = PBXFileReference; lastKnownFileType = sourcecode.swift; path = BetVC.swift; sourceTree = "<group>"; };
		8B88286A23D629F40047A85D /* BetOptionTVCell.swift */ = {isa = PBXFileReference; lastKnownFileType = sourcecode.swift; path = BetOptionTVCell.swift; sourceTree = "<group>"; };
		8BA892B223C58DBB001F1A18 /* Reachability.swift */ = {isa = PBXFileReference; lastKnownFileType = sourcecode.swift; path = Reachability.swift; sourceTree = "<group>"; };
/* End PBXFileReference section */

/* Begin PBXFrameworksBuildPhase section */
		47693217221123BC00E3E879 /* Frameworks */ = {
			isa = PBXFrameworksBuildPhase;
			buildActionMask = 2147483647;
			files = (
			);
			runOnlyForDeploymentPostprocessing = 0;
		};
/* End PBXFrameworksBuildPhase section */

/* Begin PBXGroup section */
		47693211221123BC00E3E879 = {
			isa = PBXGroup;
			children = (
				4769321C221123BC00E3E879 /* WhatAreTheOdds */,
				4769321B221123BC00E3E879 /* Products */,
			);
			sourceTree = "<group>";
		};
		4769321B221123BC00E3E879 /* Products */ = {
			isa = PBXGroup;
			children = (
				4769321A221123BC00E3E879 /* WhatAreTheOdds.app */,
			);
			name = Products;
			sourceTree = "<group>";
		};
		4769321C221123BC00E3E879 /* WhatAreTheOdds */ = {
			isa = PBXGroup;
			children = (
				476932362211248A00E3E879 /* View Controller */,
				476932352211248200E3E879 /* Model Controller */,
				476932342211247C00E3E879 /* Model */,
				4769323E2211256C00E3E879 /* View */,
				476932332211245400E3E879 /* Supporting Files */,
				476932322211243D00E3E879 /* Resources */,
			);
			path = WhatAreTheOdds;
			sourceTree = "<group>";
		};
		476932322211243D00E3E879 /* Resources */ = {
			isa = PBXGroup;
			children = (
				473B9B24221E5E52004BE78F /* ColorController.swift */,
				47FC5A592213CE2C00498F7D /* Assets.xcassets */,
				47693247221128DA00E3E879 /* Networking */,
				4769323B221124FD00E3E879 /* Extension */,
				4769321D221123BC00E3E879 /* AppDelegate.swift */,
				4769322C221123C000E3E879 /* Info.plist */,
				8BA892B223C58DBB001F1A18 /* Reachability.swift */,
			);
			path = Resources;
			sourceTree = "<group>";
		};
		476932332211245400E3E879 /* Supporting Files */ = {
			isa = PBXGroup;
			children = (
				4769324E22112E6600E3E879 /* AlertController.swift */,
				1B8E7C0C24C94ED5007CC040 /* Constants.swift */,
			);
			path = "Supporting Files";
			sourceTree = "<group>";
		};
		476932342211247C00E3E879 /* Model */ = {
			isa = PBXGroup;
			children = (
				47693239221124B900E3E879 /* Card.swift */,
				4769323F221125DC00E3E879 /* Score.swift */,
				1B8E7C0824C94C67007CC040 /* Player.swift */,
			);
			path = Model;
			sourceTree = "<group>";
		};
		476932352211248200E3E879 /* Model Controller */ = {
			isa = PBXGroup;
			children = (
				476932372211249B00E3E879 /* CardController.swift */,
				4769324C22112BEF00E3E879 /* ScoreController.swift */,
				1B8E7C0A24C94CC3007CC040 /* PlayerController.swift */,
			);
			path = "Model Controller";
			sourceTree = "<group>";
		};
		476932362211248A00E3E879 /* View Controller */ = {
			isa = PBXGroup;
			children = (
				8B7070E023D0137E0065FBE8 /* GamePlayVCs */,
				8B6ECF232394BF0A00CA56AB /* OnboardingScreens */,
			);
			path = "View Controller";
			sourceTree = "<group>";
		};
		4769323B221124FD00E3E879 /* Extension */ = {
			isa = PBXGroup;
			children = (
				4769323C2211251500E3E879 /* Extensions.swift */,
				473B9B22221E5B99004BE78F /* IRButton.swift */,
			);
			path = Extension;
			sourceTree = "<group>";
		};
		4769323E2211256C00E3E879 /* View */ = {
			isa = PBXGroup;
			children = (
				8B704F8F23D8988300200B17 /* ViewCells */,
				8BBB073F23CAE75F00C117AB /* Storyboards */,
				8BBB073C23CAE6D000C117AB /* UtilityVCs */,
			);
			path = View;
			sourceTree = "<group>";
		};
		47693247221128DA00E3E879 /* Networking */ = {
			isa = PBXGroup;
			children = (
				476932452211289A00E3E879 /* NetworkingError.swift */,
				47693248221128F300E3E879 /* NetworkController.swift */,
			);
			path = Networking;
			sourceTree = "<group>";
		};
		8B6ECF232394BF0A00CA56AB /* OnboardingScreens */ = {
			isa = PBXGroup;
			children = (
				8B7C9207235D766F00445177 /* RulesVC.swift */,
				4769324A2211294F00E3E879 /* LogInVC.swift */,
				8B88286823D628470047A85D /* BetVC.swift */,
			);
			path = OnboardingScreens;
			sourceTree = "<group>";
		};
		8B704F8F23D8988300200B17 /* ViewCells */ = {
			isa = PBXGroup;
			children = (
				8B88286A23D629F40047A85D /* BetOptionTVCell.swift */,
			);
			path = ViewCells;
			sourceTree = "<group>";
		};
		8B7070E023D0137E0065FBE8 /* GamePlayVCs */ = {
			isa = PBXGroup;
			children = (
				476932432211279800E3E879 /* GameBoardVC.swift */,
			);
			path = GamePlayVCs;
			sourceTree = "<group>";
		};
		8BBB073C23CAE6D000C117AB /* UtilityVCs */ = {
			isa = PBXGroup;
			children = (
				1B20F90224C823C700E19BD3 /* GradientController.swift */,
			);
			path = UtilityVCs;
			sourceTree = "<group>";
		};
		8BBB073F23CAE75F00C117AB /* Storyboards */ = {
			isa = PBXGroup;
			children = (
				47693229221123C000E3E879 /* LaunchScreen.storyboard */,
				47693221221123BC00E3E879 /* Main.storyboard */,
			);
			path = Storyboards;
			sourceTree = "<group>";
		};
/* End PBXGroup section */

/* Begin PBXNativeTarget section */
		47693219221123BC00E3E879 /* WhatAreTheOdds */ = {
			isa = PBXNativeTarget;
			buildConfigurationList = 4769322F221123C000E3E879 /* Build configuration list for PBXNativeTarget "WhatAreTheOdds" */;
			buildPhases = (
				47693216221123BC00E3E879 /* Sources */,
				47693217221123BC00E3E879 /* Frameworks */,
				47693218221123BC00E3E879 /* Resources */,
			);
			buildRules = (
			);
			dependencies = (
			);
			name = WhatAreTheOdds;
			productName = WhatAreTheOdds;
			productReference = 4769321A221123BC00E3E879 /* WhatAreTheOdds.app */;
			productType = "com.apple.product-type.application";
		};
/* End PBXNativeTarget section */

/* Begin PBXProject section */
		47693212221123BC00E3E879 /* Project object */ = {
			isa = PBXProject;
			attributes = {
				LastSwiftUpdateCheck = 1010;
				LastUpgradeCheck = 1010;
				ORGANIZATIONNAME = ramcomw;
				TargetAttributes = {
					47693219221123BC00E3E879 = {
						CreatedOnToolsVersion = 10.1;
					};
				};
			};
			buildConfigurationList = 47693215221123BC00E3E879 /* Build configuration list for PBXProject "WhatAreTheOdds" */;
			compatibilityVersion = "Xcode 9.3";
			developmentRegion = en;
			hasScannedForEncodings = 0;
			knownRegions = (
				en,
				Base,
			);
			mainGroup = 47693211221123BC00E3E879;
			productRefGroup = 4769321B221123BC00E3E879 /* Products */;
			projectDirPath = "";
			projectRoot = "";
			targets = (
				47693219221123BC00E3E879 /* WhatAreTheOdds */,
			);
		};
/* End PBXProject section */

/* Begin PBXResourcesBuildPhase section */
		47693218221123BC00E3E879 /* Resources */ = {
			isa = PBXResourcesBuildPhase;
			buildActionMask = 2147483647;
			files = (
				4769322B221123C000E3E879 /* LaunchScreen.storyboard in Resources */,
				47FC5A5A2213CE2C00498F7D /* Assets.xcassets in Resources */,
				47693223221123BC00E3E879 /* Main.storyboard in Resources */,
			);
			runOnlyForDeploymentPostprocessing = 0;
		};
/* End PBXResourcesBuildPhase section */

/* Begin PBXSourcesBuildPhase section */
		47693216221123BC00E3E879 /* Sources */ = {
			isa = PBXSourcesBuildPhase;
			buildActionMask = 2147483647;
			files = (
				473B9B25221E5E52004BE78F /* ColorController.swift in Sources */,
				476932382211249B00E3E879 /* CardController.swift in Sources */,
				4769324D22112BEF00E3E879 /* ScoreController.swift in Sources */,
				476932462211289A00E3E879 /* NetworkingError.swift in Sources */,
				4769324F22112E6600E3E879 /* AlertController.swift in Sources */,
				4769321E221123BC00E3E879 /* AppDelegate.swift in Sources */,
				473B9B23221E5B99004BE78F /* IRButton.swift in Sources */,
				4769323A221124B900E3E879 /* Card.swift in Sources */,
				8B88286923D628470047A85D /* BetVC.swift in Sources */,
				476932442211279800E3E879 /* GameBoardVC.swift in Sources */,
				47693240221125DC00E3E879 /* Score.swift in Sources */,
				1B8E7C0D24C94ED5007CC040 /* Constants.swift in Sources */,
				8B88286B23D629F40047A85D /* BetOptionTVCell.swift in Sources */,
				8B7C9208235D766F00445177 /* RulesVC.swift in Sources */,
				4769323D2211251500E3E879 /* Extensions.swift in Sources */,
				4769324B2211294F00E3E879 /* LogInVC.swift in Sources */,
				8BA892B323C58DBB001F1A18 /* Reachability.swift in Sources */,
				1B8E7C0924C94C67007CC040 /* Player.swift in Sources */,
				1B20F90324C823C700E19BD3 /* GradientController.swift in Sources */,
				1B8E7C0B24C94CC3007CC040 /* PlayerController.swift in Sources */,
				47693249221128F300E3E879 /* NetworkController.swift in Sources */,
			);
			runOnlyForDeploymentPostprocessing = 0;
		};
/* End PBXSourcesBuildPhase section */

/* Begin PBXVariantGroup section */
		47693221221123BC00E3E879 /* Main.storyboard */ = {
			isa = PBXVariantGroup;
			children = (
				47693222221123BC00E3E879 /* Base */,
			);
			name = Main.storyboard;
			sourceTree = "<group>";
		};
		47693229221123C000E3E879 /* LaunchScreen.storyboard */ = {
			isa = PBXVariantGroup;
			children = (
				4769322A221123C000E3E879 /* Base */,
			);
			name = LaunchScreen.storyboard;
			sourceTree = "<group>";
		};
/* End PBXVariantGroup section */

/* Begin XCBuildConfiguration section */
		4769322D221123C000E3E879 /* Debug */ = {
			isa = XCBuildConfiguration;
			buildSettings = {
				ALWAYS_SEARCH_USER_PATHS = NO;
				CLANG_ANALYZER_NONNULL = YES;
				CLANG_ANALYZER_NUMBER_OBJECT_CONVERSION = YES_AGGRESSIVE;
				CLANG_CXX_LANGUAGE_STANDARD = "gnu++14";
				CLANG_CXX_LIBRARY = "libc++";
				CLANG_ENABLE_MODULES = YES;
				CLANG_ENABLE_OBJC_ARC = YES;
				CLANG_ENABLE_OBJC_WEAK = YES;
				CLANG_WARN_BLOCK_CAPTURE_AUTORELEASING = YES;
				CLANG_WARN_BOOL_CONVERSION = YES;
				CLANG_WARN_COMMA = YES;
				CLANG_WARN_CONSTANT_CONVERSION = YES;
				CLANG_WARN_DEPRECATED_OBJC_IMPLEMENTATIONS = YES;
				CLANG_WARN_DIRECT_OBJC_ISA_USAGE = YES_ERROR;
				CLANG_WARN_DOCUMENTATION_COMMENTS = YES;
				CLANG_WARN_EMPTY_BODY = YES;
				CLANG_WARN_ENUM_CONVERSION = YES;
				CLANG_WARN_INFINITE_RECURSION = YES;
				CLANG_WARN_INT_CONVERSION = YES;
				CLANG_WARN_NON_LITERAL_NULL_CONVERSION = YES;
				CLANG_WARN_OBJC_IMPLICIT_RETAIN_SELF = YES;
				CLANG_WARN_OBJC_LITERAL_CONVERSION = YES;
				CLANG_WARN_OBJC_ROOT_CLASS = YES_ERROR;
				CLANG_WARN_RANGE_LOOP_ANALYSIS = YES;
				CLANG_WARN_STRICT_PROTOTYPES = YES;
				CLANG_WARN_SUSPICIOUS_MOVE = YES;
				CLANG_WARN_UNGUARDED_AVAILABILITY = YES_AGGRESSIVE;
				CLANG_WARN_UNREACHABLE_CODE = YES;
				CLANG_WARN__DUPLICATE_METHOD_MATCH = YES;
				CODE_SIGN_IDENTITY = "iPhone Developer";
				COPY_PHASE_STRIP = NO;
				DEBUG_INFORMATION_FORMAT = dwarf;
				ENABLE_STRICT_OBJC_MSGSEND = YES;
				ENABLE_TESTABILITY = YES;
				GCC_C_LANGUAGE_STANDARD = gnu11;
				GCC_DYNAMIC_NO_PIC = NO;
				GCC_NO_COMMON_BLOCKS = YES;
				GCC_OPTIMIZATION_LEVEL = 0;
				GCC_PREPROCESSOR_DEFINITIONS = (
					"DEBUG=1",
					"$(inherited)",
				);
				GCC_WARN_64_TO_32_BIT_CONVERSION = YES;
				GCC_WARN_ABOUT_RETURN_TYPE = YES_ERROR;
				GCC_WARN_UNDECLARED_SELECTOR = YES;
				GCC_WARN_UNINITIALIZED_AUTOS = YES_AGGRESSIVE;
				GCC_WARN_UNUSED_FUNCTION = YES;
				GCC_WARN_UNUSED_VARIABLE = YES;
				IPHONEOS_DEPLOYMENT_TARGET = 12.1;
				MTL_ENABLE_DEBUG_INFO = INCLUDE_SOURCE;
				MTL_FAST_MATH = YES;
				ONLY_ACTIVE_ARCH = YES;
				SDKROOT = iphoneos;
				SWIFT_ACTIVE_COMPILATION_CONDITIONS = DEBUG;
				SWIFT_OPTIMIZATION_LEVEL = "-Onone";
			};
			name = Debug;
		};
		4769322E221123C000E3E879 /* Release */ = {
			isa = XCBuildConfiguration;
			buildSettings = {
				ALWAYS_SEARCH_USER_PATHS = NO;
				CLANG_ANALYZER_NONNULL = YES;
				CLANG_ANALYZER_NUMBER_OBJECT_CONVERSION = YES_AGGRESSIVE;
				CLANG_CXX_LANGUAGE_STANDARD = "gnu++14";
				CLANG_CXX_LIBRARY = "libc++";
				CLANG_ENABLE_MODULES = YES;
				CLANG_ENABLE_OBJC_ARC = YES;
				CLANG_ENABLE_OBJC_WEAK = YES;
				CLANG_WARN_BLOCK_CAPTURE_AUTORELEASING = YES;
				CLANG_WARN_BOOL_CONVERSION = YES;
				CLANG_WARN_COMMA = YES;
				CLANG_WARN_CONSTANT_CONVERSION = YES;
				CLANG_WARN_DEPRECATED_OBJC_IMPLEMENTATIONS = YES;
				CLANG_WARN_DIRECT_OBJC_ISA_USAGE = YES_ERROR;
				CLANG_WARN_DOCUMENTATION_COMMENTS = YES;
				CLANG_WARN_EMPTY_BODY = YES;
				CLANG_WARN_ENUM_CONVERSION = YES;
				CLANG_WARN_INFINITE_RECURSION = YES;
				CLANG_WARN_INT_CONVERSION = YES;
				CLANG_WARN_NON_LITERAL_NULL_CONVERSION = YES;
				CLANG_WARN_OBJC_IMPLICIT_RETAIN_SELF = YES;
				CLANG_WARN_OBJC_LITERAL_CONVERSION = YES;
				CLANG_WARN_OBJC_ROOT_CLASS = YES_ERROR;
				CLANG_WARN_RANGE_LOOP_ANALYSIS = YES;
				CLANG_WARN_STRICT_PROTOTYPES = YES;
				CLANG_WARN_SUSPICIOUS_MOVE = YES;
				CLANG_WARN_UNGUARDED_AVAILABILITY = YES_AGGRESSIVE;
				CLANG_WARN_UNREACHABLE_CODE = YES;
				CLANG_WARN__DUPLICATE_METHOD_MATCH = YES;
				CODE_SIGN_IDENTITY = "iPhone Developer";
				COPY_PHASE_STRIP = NO;
				DEBUG_INFORMATION_FORMAT = "dwarf-with-dsym";
				ENABLE_NS_ASSERTIONS = NO;
				ENABLE_STRICT_OBJC_MSGSEND = YES;
				GCC_C_LANGUAGE_STANDARD = gnu11;
				GCC_NO_COMMON_BLOCKS = YES;
				GCC_WARN_64_TO_32_BIT_CONVERSION = YES;
				GCC_WARN_ABOUT_RETURN_TYPE = YES_ERROR;
				GCC_WARN_UNDECLARED_SELECTOR = YES;
				GCC_WARN_UNINITIALIZED_AUTOS = YES_AGGRESSIVE;
				GCC_WARN_UNUSED_FUNCTION = YES;
				GCC_WARN_UNUSED_VARIABLE = YES;
				IPHONEOS_DEPLOYMENT_TARGET = 12.1;
				MTL_ENABLE_DEBUG_INFO = NO;
				MTL_FAST_MATH = YES;
				SDKROOT = iphoneos;
				SWIFT_COMPILATION_MODE = wholemodule;
				SWIFT_OPTIMIZATION_LEVEL = "-O";
				VALIDATE_PRODUCT = YES;
			};
			name = Release;
		};
		47693230221123C000E3E879 /* Debug */ = {
			isa = XCBuildConfiguration;
			buildSettings = {
				ASSETCATALOG_COMPILER_APPICON_NAME = AppIcon;
				CODE_SIGN_STYLE = Automatic;
				CURRENT_PROJECT_VERSION = 1;
				DEVELOPMENT_TEAM = L7AYJDAX2C;
				INFOPLIST_FILE = "$(SRCROOT)/WhatAreTheOdds/Resources/Info.plist";
				LD_RUNPATH_SEARCH_PATHS = (
					"$(inherited)",
					"@executable_path/Frameworks",
				);
				MARKETING_VERSION = 1.2;
				PRODUCT_BUNDLE_IDENTIFIER = com.ramcomw.i2v.WhatAreTheOdds;
				PRODUCT_NAME = "$(TARGET_NAME)";
				SWIFT_VERSION = 4.2;
				TARGETED_DEVICE_FAMILY = "1,2";
			};
			name = Debug;
		};
		47693231221123C000E3E879 /* Release */ = {
			isa = XCBuildConfiguration;
			buildSettings = {
				ASSETCATALOG_COMPILER_APPICON_NAME = AppIcon;
				CODE_SIGN_STYLE = Automatic;
				CURRENT_PROJECT_VERSION = 1;
				DEVELOPMENT_TEAM = L7AYJDAX2C;
				INFOPLIST_FILE = "$(SRCROOT)/WhatAreTheOdds/Resources/Info.plist";
				LD_RUNPATH_SEARCH_PATHS = (
					"$(inherited)",
					"@executable_path/Frameworks",
				);
				MARKETING_VERSION = 1.2;
				PRODUCT_BUNDLE_IDENTIFIER = com.ramcomw.i2v.WhatAreTheOdds;
				PRODUCT_NAME = "$(TARGET_NAME)";
				SWIFT_VERSION = 4.2;
				TARGETED_DEVICE_FAMILY = "1,2";
			};
			name = Release;
		};
/* End XCBuildConfiguration section */

/* Begin XCConfigurationList section */
		47693215221123BC00E3E879 /* Build configuration list for PBXProject "WhatAreTheOdds" */ = {
			isa = XCConfigurationList;
			buildConfigurations = (
				4769322D221123C000E3E879 /* Debug */,
				4769322E221123C000E3E879 /* Release */,
			);
			defaultConfigurationIsVisible = 0;
			defaultConfigurationName = Release;
		};
		4769322F221123C000E3E879 /* Build configuration list for PBXNativeTarget "WhatAreTheOdds" */ = {
			isa = XCConfigurationList;
			buildConfigurations = (
				47693230221123C000E3E879 /* Debug */,
				47693231221123C000E3E879 /* Release */,
			);
			defaultConfigurationIsVisible = 0;
			defaultConfigurationName = Release;
		};
/* End XCConfigurationList section */
	};
	rootObject = 47693212221123BC00E3E879 /* Project object */;
}
